{
  "version": 4,
  "terraform_version": "1.2.2",
  "serial": 52,
  "lineage": "dc86ec6b-9215-8b00-4a72-e4fc60426140",
  "outputs": {},
  "resources": [
    {
      "mode": "managed",
      "type": "google_container_node_pool",
      "name": "primary_preemptible_nodes",
      "provider": "provider[\"registry.terraform.io/hashicorp/google\"]",
      "instances": []
    },
    {
      "mode": "managed",
      "type": "google_service_account",
      "name": "default",
      "provider": "provider[\"registry.terraform.io/hashicorp/google\"]",
      "instances": [
        {
          "schema_version": 0,
          "attributes": {
            "account_id": "service-account-k8",
            "description": "",
            "disabled": false,
            "display_name": "Service Account",
            "email": "service-account-k8@lloyds-advk8s-team-2.iam.gserviceaccount.com",
            "id": "projects/lloyds-advk8s-team-2/serviceAccounts/service-account-k8@lloyds-advk8s-team-2.iam.gserviceaccount.com",
            "name": "projects/lloyds-advk8s-team-2/serviceAccounts/service-account-k8@lloyds-advk8s-team-2.iam.gserviceaccount.com",
            "project": "lloyds-advk8s-team-2",
            "timeouts": null,
            "unique_id": "102443157929618797051"
          },
          "sensitive_attributes": [],
          "private": "eyJlMmJmYjczMC1lY2FhLTExZTYtOGY4OC0zNDM2M2JjN2M0YzAiOnsiY3JlYXRlIjozMDAwMDAwMDAwMDB9fQ=="
        }
      ]
    },
    {
      "mode": "managed",
      "type": "google_sql_user",
      "name": "users",
      "provider": "provider[\"registry.terraform.io/hashicorp/google\"]",
      "instances": [
        {
          "schema_version": 1,
          "attributes": {
            "deletion_policy": null,
            "host": "",
            "id": "admin//team2-final-instance",
            "instance": "team2-final-instance",
            "name": "admin",
            "password": "jeujdYTTtt7\u0026\u0026^",
            "project": "lloyds-advk8s-team-2",
            "sql_server_user_details": [],
            "timeouts": null,
            "type": ""
          },
          "sensitive_attributes": [],
          "private": "eyJlMmJmYjczMC1lY2FhLTExZTYtOGY4OC0zNDM2M2JjN2M0YzAiOnsiY3JlYXRlIjo2MDAwMDAwMDAwMDAsImRlbGV0ZSI6NjAwMDAwMDAwMDAwLCJ1cGRhdGUiOjYwMDAwMDAwMDAwMH0sInNjaGVtYV92ZXJzaW9uIjoiMSJ9",
          "dependencies": [
            "google_sql_database_instance.team2-final"
          ]
        }
      ]
    }
  ]
}
