{
  "version": 4,
  "terraform_version": "1.2.2",
  "serial": 71,
  "lineage": "dc86ec6b-9215-8b00-4a72-e4fc60426140",
  "outputs": {},
  "resources": [
    {
      "mode": "managed",
      "type": "google_container_cluster",
      "name": "primary",
      "provider": "provider[\"registry.terraform.io/hashicorp/google\"]",
      "instances": [
        {
          "schema_version": 1,
          "attributes": {
            "addons_config": [
              {
                "cloudrun_config": [],
                "gcp_filestore_csi_driver_config": [],
                "horizontal_pod_autoscaling": [],
                "http_load_balancing": [],
                "network_policy_config": [
                  {
                    "disabled": true
                  }
                ]
              }
            ],
            "authenticator_groups_config": [],
            "cluster_autoscaling": [
              {
                "auto_provisioning_defaults": [],
                "enabled": false,
                "resource_limits": []
              }
            ],
            "cluster_ipv4_cidr": "10.104.0.0/14",
            "confidential_nodes": [],
            "database_encryption": [
              {
                "key_name": "",
                "state": "DECRYPTED"
              }
            ],
            "datapath_provider": "",
            "default_max_pods_per_node": null,
            "default_snat_status": [
              {
                "disabled": false
              }
            ],
            "description": "",
            "dns_config": [],
            "enable_autopilot": false,
            "enable_binary_authorization": false,
            "enable_intranode_visibility": false,
            "enable_kubernetes_alpha": false,
            "enable_legacy_abac": false,
            "enable_shielded_nodes": true,
            "enable_tpu": false,
            "endpoint": "35.202.33.169",
            "id": "projects/lloyds-advk8s-team-2/locations/us-central1/clusters/team2-gke-cluster",
            "initial_node_count": 1,
            "ip_allocation_policy": [],
            "label_fingerprint": "a9dc16a7",
            "location": "us-central1",
            "logging_config": [
              {
                "enable_components": [
                  "SYSTEM_COMPONENTS",
                  "WORKLOADS"
                ]
              }
            ],
            "logging_service": "logging.googleapis.com/kubernetes",
            "maintenance_policy": [],
            "master_auth": [
              {
                "client_certificate": "",
                "client_certificate_config": [
                  {
                    "issue_client_certificate": false
                  }
                ],
                "client_key": "",
                "cluster_ca_certificate": "LS0tLS1CRUdJTiBDRVJUSUZJQ0FURS0tLS0tCk1JSUVMVENDQXBXZ0F3SUJBZ0lSQU11bkQwUE1WT2h1QlpOT3lROWVvV1l3RFFZSktvWklodmNOQVFFTEJRQXcKTHpFdE1Dc0dBMVVFQXhNa05XTXpZemhoT1RVdE9XRTVPUzAwTldZNUxXRXlORFV0WlRreFpHVXpNVFF4WkRObQpNQ0FYRFRJeU1EWXlNekUwTXpBeU5sb1lEekl3TlRJd05qRTFNVFV6TURJMldqQXZNUzB3S3dZRFZRUURFeVExCll6TmpPR0U1TlMwNVlUazVMVFExWmprdFlUSTBOUzFsT1RGa1pUTXhOREZrTTJZd2dnR2lNQTBHQ1NxR1NJYjMKRFFFQkFRVUFBNElCandBd2dnR0tBb0lCZ1FEWCt6N2cwdnpXeEtVcXIzSEQ3WnFJck0rNEY0cHVrRmthYm4vUQpGaEhUa1VKaU5tZSszOC80SjAyeFFQUUdVS2xERWE3MDdsdEF2S0xVU0dqTDdydDBJb3gvY1crUmlOTDRXcm5VCmZCdTRpL3JQbzAwTG0zSXhaRlN0TGFKQ0hqK3J0ME1scG1IYStyeS8yeGZLazFkYXlPaFFBeDlEdVl4TkhyMWYKQjdVN2V1UERVS1BLWENzOVdsWUJ4SWIwS0VoYXNIc1RZbmRrREZRdFE5SUxWbzhFclExdkhmTUxOeEYway9jTgoyUWkvaEp4MGFOeWVYTEdDZVh3WERpdC9ZRVJzSmlSVG5lQmNjYnlKSDZBTXkrcWtXMHdLenF0YTJrWUxOVTFzCjBsL3duUUlMVzZaaVdackxzdkNvZHRHd0Mvd0daczBpTzM0NWxqcE13dHZ1Tkp4dUZ5NXpDaU9kQVVkWThVOGEKdGhERU9wUnFhZm0zZklaSTRFVDYvODdoQTRyT3ZkQisyVXB5T1pOekFMZ0pXM1JucVZFWWZZbVJ4TEpnQmlQeApKOG15SDdCL3Bld3V5Si9IakxiYkgxdHlHUTQ4Slh4UTh1S3JOV2Ftd2xmb21OQ1o0MUpqMG4vbXJyQnlJeVVUCnVrMU5RdWF1Z0VtY2JjYmUyaTRIVXo3WE1lMENBd0VBQWFOQ01FQXdEZ1lEVlIwUEFRSC9CQVFEQWdJRU1BOEcKQTFVZEV3RUIvd1FGTUFNQkFmOHdIUVlEVlIwT0JCWUVGRi9qMVFmSXJva3ZtZW1vbkF1WUJRRStMZUFXTUEwRwpDU3FHU0liM0RRRUJDd1VBQTRJQmdRQm5CQ0crNUhhemJaNUNxNmsyTk0xK1kyN04rNFZpWWtlWWg0NVppL2JVCkdwTGFxTGUrc1J6ZldvVGUxd3VvclB5ZUhaeS9QZ01jQjZIcXR5aERsK0FJb0ZhL2ZSSHJ4Y3NQbVFVV3kraDgKVHN2L1B2Q1haUkZhR0wvemJEUlVOZFZaQ1JpZEh6UzhSNXZ3SHhqM2F1LzlMeDloZG8vb1dsN1R1UnpqYkJQNApOOUh3WWtnNWszZjNOb20zeE9ZYmkyMnFSK0JRRGFhVFZKUXpoaC9BTEdOMEROaVB2bVlETDYraStHajlWR1ZmClA1UVk5MnB5ZGI5TzAybDFsd0NuL3FwQllWY3lBZXp1bnFzVkhvTjYvMFZuakxzdFFkRUUyNmFhRHhEc3p0enAKK05Sak1LYjlYeCs4NG5rMU5iWE00aW5pQzBDMG40eEprcUtCYy9XUXRGVVpDelBGOTYzNE54MkxTbmFENjZPOApQZGZ3MW55NTg2MGx5QXdWWEJPVGhaKzBydWU1bWgyR3hMay8xY1NOTGRKMUVVenZ4dlVQbmpaVVNpQ0VkODllCm1zVFFIZVJwSDA0NnI1Z0hpY2h0aGlRWm5uWURpcG1BNzB5eE1QK0dxamxRT2Y2eVc5OEZrS2lxRjJncU1xK2oKamFzUmViRjM1eS9HYlRRV3hBZmNuTk09Ci0tLS0tRU5EIENFUlRJRklDQVRFLS0tLS0K"
              }
            ],
            "master_authorized_networks_config": [],
            "master_version": "1.22.8-gke.202",
            "min_master_version": null,
            "monitoring_config": [
              {
                "enable_components": [
                  "SYSTEM_COMPONENTS"
                ]
              }
            ],
            "monitoring_service": "monitoring.googleapis.com/kubernetes",
            "name": "team2-gke-cluster",
            "network": "projects/lloyds-advk8s-team-2/global/networks/default",
            "network_policy": [
              {
                "enabled": false,
                "provider": "PROVIDER_UNSPECIFIED"
              }
            ],
            "networking_mode": "ROUTES",
            "node_config": [
              {
                "boot_disk_kms_key": "",
                "disk_size_gb": 100,
                "disk_type": "pd-standard",
                "gcfs_config": [],
                "guest_accelerator": [],
                "gvnic": [],
                "image_type": "COS_CONTAINERD",
                "labels": {},
                "local_ssd_count": 0,
                "machine_type": "e2-medium",
                "metadata": {
                  "disable-legacy-endpoints": "true"
                },
                "min_cpu_platform": "",
                "node_group": "",
                "oauth_scopes": [
                  "https://www.googleapis.com/auth/cloud-platform"
                ],
                "preemptible": true,
                "service_account": "service-account-k8@lloyds-advk8s-team-2.iam.gserviceaccount.com",
                "shielded_instance_config": [
                  {
                    "enable_integrity_monitoring": true,
                    "enable_secure_boot": false
                  }
                ],
                "spot": false,
                "tags": [],
                "taint": [],
                "workload_metadata_config": []
              }
            ],
            "node_locations": [
              "us-central1-a",
              "us-central1-b",
              "us-central1-f"
            ],
            "node_pool": [
              {
                "autoscaling": [],
                "initial_node_count": 1,
                "instance_group_urls": [
                  "https://www.googleapis.com/compute/v1/projects/lloyds-advk8s-team-2/zones/us-central1-f/instanceGroupManagers/gke-team2-gke-cluster-my-node-pool-0fac7ef2-grp",
                  "https://www.googleapis.com/compute/v1/projects/lloyds-advk8s-team-2/zones/us-central1-b/instanceGroupManagers/gke-team2-gke-cluster-my-node-pool-b766db49-grp",
                  "https://www.googleapis.com/compute/v1/projects/lloyds-advk8s-team-2/zones/us-central1-a/instanceGroupManagers/gke-team2-gke-cluster-my-node-pool-a5f77f28-grp"
                ],
                "managed_instance_group_urls": [
                  "https://www.googleapis.com/compute/v1/projects/lloyds-advk8s-team-2/zones/us-central1-f/instanceGroups/gke-team2-gke-cluster-my-node-pool-0fac7ef2-grp",
                  "https://www.googleapis.com/compute/v1/projects/lloyds-advk8s-team-2/zones/us-central1-b/instanceGroups/gke-team2-gke-cluster-my-node-pool-b766db49-grp",
                  "https://www.googleapis.com/compute/v1/projects/lloyds-advk8s-team-2/zones/us-central1-a/instanceGroups/gke-team2-gke-cluster-my-node-pool-a5f77f28-grp"
                ],
                "management": [
                  {
                    "auto_repair": true,
                    "auto_upgrade": true
                  }
                ],
                "max_pods_per_node": 0,
                "name": "my-node-pool",
                "name_prefix": "",
                "node_config": [
                  {
                    "boot_disk_kms_key": "",
                    "disk_size_gb": 100,
                    "disk_type": "pd-standard",
                    "gcfs_config": [],
                    "guest_accelerator": [],
                    "gvnic": [],
                    "image_type": "COS_CONTAINERD",
                    "labels": {},
                    "local_ssd_count": 0,
                    "machine_type": "e2-medium",
                    "metadata": {
                      "disable-legacy-endpoints": "true"
                    },
                    "min_cpu_platform": "",
                    "node_group": "",
                    "oauth_scopes": [
                      "https://www.googleapis.com/auth/cloud-platform"
                    ],
                    "preemptible": true,
                    "service_account": "service-account-k8@lloyds-advk8s-team-2.iam.gserviceaccount.com",
                    "shielded_instance_config": [
                      {
                        "enable_integrity_monitoring": true,
                        "enable_secure_boot": false
                      }
                    ],
                    "spot": false,
                    "tags": [],
                    "taint": [],
                    "workload_metadata_config": []
                  }
                ],
                "node_count": 1,
                "node_locations": [
                  "us-central1-a",
                  "us-central1-b",
                  "us-central1-f"
                ],
                "upgrade_settings": [
                  {
                    "max_surge": 1,
                    "max_unavailable": 0
                  }
                ],
                "version": "1.22.8-gke.202"
              }
            ],
            "node_version": "1.22.8-gke.202",
            "operation": null,
            "private_cluster_config": [],
            "private_ipv6_google_access": "",
            "project": "lloyds-advk8s-team-2",
            "release_channel": [
              {
                "channel": "REGULAR"
              }
            ],
            "remove_default_node_pool": true,
            "resource_labels": {},
            "resource_usage_export_config": [],
            "self_link": "https://container.googleapis.com/v1/projects/lloyds-advk8s-team-2/locations/us-central1/clusters/team2-gke-cluster",
            "services_ipv4_cidr": "10.107.240.0/20",
            "subnetwork": "projects/lloyds-advk8s-team-2/regions/us-central1/subnetworks/default",
            "timeouts": null,
            "tpu_ipv4_cidr_block": "",
            "vertical_pod_autoscaling": [],
            "workload_identity_config": []
          },
          "sensitive_attributes": [],
          "private": "eyJlMmJmYjczMC1lY2FhLTExZTYtOGY4OC0zNDM2M2JjN2M0YzAiOnsiY3JlYXRlIjoyNDAwMDAwMDAwMDAwLCJkZWxldGUiOjI0MDAwMDAwMDAwMDAsInJlYWQiOjI0MDAwMDAwMDAwMDAsInVwZGF0ZSI6MzYwMDAwMDAwMDAwMH0sInNjaGVtYV92ZXJzaW9uIjoiMSJ9"
        }
      ]
    },
    {
      "mode": "managed",
      "type": "google_container_node_pool",
      "name": "primary_preemptible_nodes",
      "provider": "provider[\"registry.terraform.io/hashicorp/google\"]",
      "instances": [
        {
          "schema_version": 1,
          "attributes": {
            "autoscaling": [],
            "cluster": "team2-gke-cluster",
            "id": "projects/lloyds-advk8s-team-2/locations/us-central1/clusters/team2-gke-cluster/nodePools/my-node-pool",
            "initial_node_count": 1,
            "instance_group_urls": [
              "https://www.googleapis.com/compute/v1/projects/lloyds-advk8s-team-2/zones/us-central1-f/instanceGroupManagers/gke-team2-gke-cluster-my-node-pool-0fac7ef2-grp",
              "https://www.googleapis.com/compute/v1/projects/lloyds-advk8s-team-2/zones/us-central1-b/instanceGroupManagers/gke-team2-gke-cluster-my-node-pool-b766db49-grp",
              "https://www.googleapis.com/compute/v1/projects/lloyds-advk8s-team-2/zones/us-central1-a/instanceGroupManagers/gke-team2-gke-cluster-my-node-pool-a5f77f28-grp"
            ],
            "location": "us-central1",
            "managed_instance_group_urls": [
              "https://www.googleapis.com/compute/v1/projects/lloyds-advk8s-team-2/zones/us-central1-f/instanceGroups/gke-team2-gke-cluster-my-node-pool-0fac7ef2-grp",
              "https://www.googleapis.com/compute/v1/projects/lloyds-advk8s-team-2/zones/us-central1-b/instanceGroups/gke-team2-gke-cluster-my-node-pool-b766db49-grp",
              "https://www.googleapis.com/compute/v1/projects/lloyds-advk8s-team-2/zones/us-central1-a/instanceGroups/gke-team2-gke-cluster-my-node-pool-a5f77f28-grp"
            ],
            "management": [
              {
                "auto_repair": true,
                "auto_upgrade": true
              }
            ],
            "max_pods_per_node": null,
            "name": "my-node-pool",
            "name_prefix": "",
            "node_config": [
              {
                "boot_disk_kms_key": "",
                "disk_size_gb": 100,
                "disk_type": "pd-standard",
                "gcfs_config": [],
                "guest_accelerator": [],
                "gvnic": [],
                "image_type": "COS_CONTAINERD",
                "labels": {},
                "local_ssd_count": 0,
                "machine_type": "e2-medium",
                "metadata": {
                  "disable-legacy-endpoints": "true"
                },
                "min_cpu_platform": "",
                "node_group": "",
                "oauth_scopes": [
                  "https://www.googleapis.com/auth/cloud-platform"
                ],
                "preemptible": true,
                "service_account": "service-account-k8@lloyds-advk8s-team-2.iam.gserviceaccount.com",
                "shielded_instance_config": [
                  {
                    "enable_integrity_monitoring": true,
                    "enable_secure_boot": false
                  }
                ],
                "spot": false,
                "tags": [],
                "taint": [],
                "workload_metadata_config": []
              }
            ],
            "node_count": 1,
            "node_locations": [
              "us-central1-a",
              "us-central1-b",
              "us-central1-f"
            ],
            "operation": null,
            "project": "lloyds-advk8s-team-2",
            "timeouts": null,
            "upgrade_settings": [
              {
                "max_surge": 1,
                "max_unavailable": 0
              }
            ],
            "version": "1.22.8-gke.202"
          },
          "sensitive_attributes": [],
          "private": "eyJlMmJmYjczMC1lY2FhLTExZTYtOGY4OC0zNDM2M2JjN2M0YzAiOnsiY3JlYXRlIjoxODAwMDAwMDAwMDAwLCJkZWxldGUiOjE4MDAwMDAwMDAwMDAsInVwZGF0ZSI6MTgwMDAwMDAwMDAwMH0sInNjaGVtYV92ZXJzaW9uIjoiMSJ9",
          "dependencies": [
            "google_container_cluster.primary",
            "google_service_account.default"
          ]
        }
      ]
    },
    {
      "mode": "managed",
      "type": "google_service_account",
      "name": "default",
      "provider": "provider[\"registry.terraform.io/hashicorp/google\"]",
      "instances": [
        {
          "schema_version": 0,
          "attributes": {
            "account_id": "service-account-k8",
            "description": "",
            "disabled": false,
            "display_name": "Service Account",
            "email": "service-account-k8@lloyds-advk8s-team-2.iam.gserviceaccount.com",
            "id": "projects/lloyds-advk8s-team-2/serviceAccounts/service-account-k8@lloyds-advk8s-team-2.iam.gserviceaccount.com",
            "name": "projects/lloyds-advk8s-team-2/serviceAccounts/service-account-k8@lloyds-advk8s-team-2.iam.gserviceaccount.com",
            "project": "lloyds-advk8s-team-2",
            "timeouts": null,
            "unique_id": "102443157929618797051"
          },
          "sensitive_attributes": [],
          "private": "eyJlMmJmYjczMC1lY2FhLTExZTYtOGY4OC0zNDM2M2JjN2M0YzAiOnsiY3JlYXRlIjozMDAwMDAwMDAwMDB9fQ=="
        }
      ]
    },
    {
      "mode": "managed",
      "type": "google_sql_database_instance",
      "name": "team2-final3",
      "provider": "provider[\"registry.terraform.io/hashicorp/google\"]",
      "instances": [
        {
          "schema_version": 0,
          "attributes": {
            "clone": [
              {
                "allocated_ip_range": "",
                "point_in_time": "2022-06-23T15:00:00Z",
                "source_instance_name": "sharecare-pg-instance"
              }
            ],
            "connection_name": "lloyds-advk8s-team-2:europe-west2:team2-final3-instance",
            "database_version": "POSTGRES_12",
            "deletion_protection": false,
            "first_ip_address": "35.197.248.47",
            "id": "team2-final3-instance",
            "ip_address": [
              {
                "ip_address": "35.197.248.47",
                "time_to_retire": "",
                "type": "PRIMARY"
              },
              {
                "ip_address": "35.234.132.117",
                "time_to_retire": "",
                "type": "OUTGOING"
              }
            ],
            "master_instance_name": "",
            "name": "team2-final3-instance",
            "private_ip_address": "",
            "project": "lloyds-advk8s-team-2",
            "public_ip_address": "35.197.248.47",
            "region": "europe-west2",
            "replica_configuration": [],
            "restore_backup_context": [],
            "root_password": null,
            "self_link": "https://sqladmin.googleapis.com/sql/v1beta4/projects/lloyds-advk8s-team-2/instances/team2-final3-instance",
            "server_ca_cert": [
              {
                "cert": "-----BEGIN CERTIFICATE-----\nMIIDfzCCAmegAwIBAgIBADANBgkqhkiG9w0BAQsFADB3MS0wKwYDVQQuEyQyZDRh\nOGRmMC1mYzRmLTRhZjAtYmM3Ny1mYzNmY2Q4OTlmYjAxIzAhBgNVBAMTGkdvb2ds\nZSBDbG91ZCBTUUwgU2VydmVyIENBMRQwEgYDVQQKEwtHb29nbGUsIEluYzELMAkG\nA1UEBhMCVVMwHhcNMjIwNjIzMTYwMDEwWhcNMzIwNjIwMTYwMTEwWjB3MS0wKwYD\nVQQuEyQyZDRhOGRmMC1mYzRmLTRhZjAtYmM3Ny1mYzNmY2Q4OTlmYjAxIzAhBgNV\nBAMTGkdvb2dsZSBDbG91ZCBTUUwgU2VydmVyIENBMRQwEgYDVQQKEwtHb29nbGUs\nIEluYzELMAkGA1UEBhMCVVMwggEiMA0GCSqGSIb3DQEBAQUAA4IBDwAwggEKAoIB\nAQCchMPfBzG7jDZAGN4gQ5vyX9XUdogOn6kRoHnvOzyk/gEL5qybZuvQ9cBm+mQK\nKej6fbH72bsOFHPeKiR5hkSuJt9cEOEzebpEEUTLS1/c9LnMOukhwv7qy9aPJmGG\nI0yl/CtKFTxboadDGQpNyrR9WWsh7wL7TGiRnxVuiDPRvdGgt+cTfycWSTFr7NLQ\n4rjed/or2p389+Z5s+g61qbfjR/lP9jKm/BTJFTCkG1Kh8aLtn1+vOXZINqeHTb/\n1BlUrJj3hBw9Sx9aodDigzBsdI7ux5kQqRv5E1xfMIxABrqXQ/KQr5L07vIeDjbp\nZldqSq1PoX/b5rEFuh9JXTfRAgMBAAGjFjAUMBIGA1UdEwEB/wQIMAYBAf8CAQAw\nDQYJKoZIhvcNAQELBQADggEBAC8a+5qS+bVdK7gzN1cYQCm+cGImOuSKZDc2iBNH\nbxVj/9JrQLUrotzbSjPmoMjC4FSQWkqK7anc/s5P/H2IbBnwGrLteWMl2enl06Wf\nb4H67r1Ic2IrEQW5SGK4PKEx/B2CcCALAnEXPRuA5igl10g21ro8VcHNWl2c5SV9\nTJR8WI3sGsLAOoOvvhwyc9vJsMT72pwcKE/hpy22AsRWnAILZ1dBN4ZIaOGsidlo\nvgoVHOSwLm4iLa+kjRv38E7EugjxCznnGmWcVpLmB5DhmIn4K1gU3/EmteevClAS\nCeumfSPRonhTI2GuANU7bcImjLZboJbzthk2r78heKfxlKw=\n-----END CERTIFICATE-----",
                "common_name": "C=US,O=Google\\, Inc,CN=Google Cloud SQL Server CA,dnQualifier=2d4a8df0-fc4f-4af0-bc77-fc3fcd899fb0",
                "create_time": "2022-06-23T16:00:10.856Z",
                "expiration_time": "2032-06-20T16:01:10.856Z",
                "sha1_fingerprint": "29ab99295b79a628ac4da52a5a0a9ca314979bf4"
              }
            ],
            "service_account_email_address": "p799576479852-sgt7bj@gcp-sa-cloud-sql.iam.gserviceaccount.com",
            "settings": [
              {
                "activation_policy": "ALWAYS",
                "active_directory_config": [],
                "availability_type": "ZONAL",
                "backup_configuration": [
                  {
                    "backup_retention_settings": [
                      {
                        "retained_backups": 7,
                        "retention_unit": "COUNT"
                      }
                    ],
                    "binary_log_enabled": false,
                    "enabled": true,
                    "location": "eu",
                    "point_in_time_recovery_enabled": true,
                    "start_time": "00:00",
                    "transaction_log_retention_days": 7
                  }
                ],
                "collation": "",
                "database_flags": [],
                "disk_autoresize": true,
                "disk_autoresize_limit": 0,
                "disk_size": 10,
                "disk_type": "PD_SSD",
                "insights_config": [],
                "ip_configuration": [
                  {
                    "allocated_ip_range": "",
                    "authorized_networks": [
                      {
                        "expiration_time": "",
                        "name": "",
                        "value": "0.0.0.0/0"
                      }
                    ],
                    "ipv4_enabled": true,
                    "private_network": "",
                    "require_ssl": false
                  }
                ],
                "location_preference": [
                  {
                    "follow_gae_application": "",
                    "zone": "europe-west2-b"
                  }
                ],
                "maintenance_window": [],
                "pricing_plan": "PER_USE",
                "tier": "db-custom-1-3840",
                "user_labels": {},
                "version": 2
              }
            ],
            "timeouts": null
          },
          "sensitive_attributes": [],
          "private": "eyJlMmJmYjczMC1lY2FhLTExZTYtOGY4OC0zNDM2M2JjN2M0YzAiOnsiY3JlYXRlIjoxODAwMDAwMDAwMDAwLCJkZWxldGUiOjE4MDAwMDAwMDAwMDAsInVwZGF0ZSI6MTgwMDAwMDAwMDAwMH19"
        }
      ]
    },
    {
      "mode": "managed",
      "type": "google_sql_user",
      "name": "users",
      "provider": "provider[\"registry.terraform.io/hashicorp/google\"]",
      "instances": [
        {
          "schema_version": 1,
          "attributes": {
            "deletion_policy": null,
            "host": "",
            "id": "admin//team2-final3-instance",
            "instance": "team2-final3-instance",
            "name": "admin",
            "password": "jeujdYTTtt7\u0026\u0026^",
            "project": "lloyds-advk8s-team-2",
            "sql_server_user_details": [],
            "timeouts": null,
            "type": ""
          },
          "sensitive_attributes": [],
          "private": "eyJlMmJmYjczMC1lY2FhLTExZTYtOGY4OC0zNDM2M2JjN2M0YzAiOnsiY3JlYXRlIjo2MDAwMDAwMDAwMDAsImRlbGV0ZSI6NjAwMDAwMDAwMDAwLCJ1cGRhdGUiOjYwMDAwMDAwMDAwMH0sInNjaGVtYV92ZXJzaW9uIjoiMSJ9",
          "dependencies": [
            "google_sql_database_instance.team2-final3"
          ]
        }
      ]
    },
    {
      "mode": "managed",
      "type": "google_storage_bucket",
      "name": "eu_artifacts_lloyds_advk8s_team_2_appspot_com",
      "provider": "provider[\"registry.terraform.io/hashicorp/google\"]",
      "instances": [
        {
          "schema_version": 0,
          "attributes": {
            "cors": [],
            "default_event_based_hold": false,
            "encryption": [],
            "force_destroy": false,
            "id": "team2-storage",
            "labels": {},
            "lifecycle_rule": [],
            "location": "EU",
            "logging": [],
            "name": "team2-storage",
            "project": "lloyds-advk8s-team-2",
            "requester_pays": false,
            "retention_policy": [],
            "self_link": "https://www.googleapis.com/storage/v1/b/team2-storage",
            "storage_class": "STANDARD",
            "timeouts": null,
            "uniform_bucket_level_access": false,
            "url": "gs://team2-storage",
            "versioning": [],
            "website": []
          },
          "sensitive_attributes": [],
          "private": "eyJlMmJmYjczMC1lY2FhLTExZTYtOGY4OC0zNDM2M2JjN2M0YzAiOnsiY3JlYXRlIjoyNDAwMDAwMDAwMDAsInJlYWQiOjI0MDAwMDAwMDAwMCwidXBkYXRlIjoyNDAwMDAwMDAwMDB9fQ=="
        }
      ]
    }
  ]
}
